
Microsoft Visual Studio Solution File, Format Version 12.00
# Visual Studio 15
VisualStudioVersion = 15.0.27703.2042
MinimumVisualStudioVersion = 10.0.40219.1
Project("{FAE04EC0-301F-11D3-BF4B-00C04F79EFBC}") = "CreditObliterator", "CreditObliterator\CreditObliterator.csproj", "{C4C484F0-A5F2-40EA-B7BC-004AF5E00032}"
EndProject
Global
	GlobalSection(SolutionConfigurationPlatforms) = preSolution
		Debug|Any CPU = Debug|Any CPU
		Release|Any CPU = Release|Any CPU
	EndGlobalSection
	GlobalSection(ProjectConfigurationPlatforms) = postSolution
		{C4C484F0-A5F2-40EA-B7BC-004AF5E00032}.Debug|Any CPU.ActiveCfg = Debug|Any CPU
		{C4C484F0-A5F2-40EA-B7BC-004AF5E00032}.Debug|Any CPU.Build.0 = Debug|Any CPU
		{C4C484F0-A5F2-40EA-B7BC-004AF5E00032}.Release|Any CPU.ActiveCfg = Release|Any CPU
		{C4C484F0-A5F2-40EA-B7BC-004AF5E00032}.Release|Any CPU.Build.0 = Release|Any CPU
	EndGlobalSection
	GlobalSection(SolutionProperties) = preSolution
		HideSolutionNode = FALSE
	EndGlobalSection
	GlobalSection(ExtensibilityGlobals) = postSolution
		SolutionGuid = {AF3BC716-C22A-4E33-A772-B8BF756323F2}
	EndGlobalSection
EndGlobal
